// !$*UTF8*$!
{
	archiveVersion = 1;
	classes = {
	};
	objectVersion = 46;
	objects = {

/* Begin PBXBuildFile section */
		514DB8941D5764F70067613B /* AppDelegate.swift in Sources */ = {isa = PBXBuildFile; fileRef = 514DB8931D5764F70067613B /* AppDelegate.swift */; };
		514DB8961D5764F70067613B /* ViewController.swift in Sources */ = {isa = PBXBuildFile; fileRef = 514DB8951D5764F70067613B /* ViewController.swift */; };
		514DB8991D5764F70067613B /* Main.storyboard in Resources */ = {isa = PBXBuildFile; fileRef = 514DB8971D5764F70067613B /* Main.storyboard */; };
		514DB89B1D5764F70067613B /* Assets.xcassets in Resources */ = {isa = PBXBuildFile; fileRef = 514DB89A1D5764F70067613B /* Assets.xcassets */; };
		514DB89E1D5764F70067613B /* LaunchScreen.storyboard in Resources */ = {isa = PBXBuildFile; fileRef = 514DB89C1D5764F70067613B /* LaunchScreen.storyboard */; };
		514DB8A61D5765A30067613B /* Calendar.swift in Sources */ = {isa = PBXBuildFile; fileRef = 514DB8A51D5765A30067613B /* Calendar.swift */; };
		514DB8A81D576B620067613B /* DatePickerViewDelegate.swift in Sources */ = {isa = PBXBuildFile; fileRef = 514DB8A71D576B620067613B /* DatePickerViewDelegate.swift */; };
/* End PBXBuildFile section */

/* Begin PBXFileReference section */
		514DB8901D5764F70067613B /* My Date Picker.app */ = {isa = PBXFileReference; explicitFileType = wrapper.application; includeInIndex = 0; path = "My Date Picker.app"; sourceTree = BUILT_PRODUCTS_DIR; };
		514DB8931D5764F70067613B /* AppDelegate.swift */ = {isa = PBXFileReference; lastKnownFileType = sourcecode.swift; path = AppDelegate.swift; sourceTree = "<group>"; };
		514DB8951D5764F70067613B /* ViewController.swift */ = {isa = PBXFileReference; lastKnownFileType = sourcecode.swift; path = ViewController.swift; sourceTree = "<group>"; };
		514DB8981D5764F70067613B /* Base */ = {isa = PBXFileReference; lastKnownFileType = file.storyboard; name = Base; path = Base.lproj/Main.storyboard; sourceTree = "<group>"; };
		514DB89A1D5764F70067613B /* Assets.xcassets */ = {isa = PBXFileReference; lastKnownFileType = folder.assetcatalog; path = Assets.xcassets; sourceTree = "<group>"; };
		514DB89D1D5764F70067613B /* Base */ = {isa = PBXFileReference; lastKnownFileType = file.storyboard; name = Base; path = Base.lproj/LaunchScreen.storyboard; sourceTree = "<group>"; };
		514DB89F1D5764F70067613B /* Info.plist */ = {isa = PBXFileReference; lastKnownFileType = text.plist.xml; path = Info.plist; sourceTree = "<group>"; };
		514DB8A51D5765A30067613B /* Calendar.swift */ = {isa = PBXFileReference; fileEncoding = 4; lastKnownFileType = sourcecode.swift; path = Calendar.swift; sourceTree = "<group>"; };
		514DB8A71D576B620067613B /* DatePickerViewDelegate.swift */ = {isa = PBXFileReference; fileEncoding = 4; lastKnownFileType = sourcecode.swift; path = DatePickerViewDelegate.swift; sourceTree = "<group>"; };
/* End PBXFileReference section */

/* Begin PBXFrameworksBuildPhase section */
		514DB88D1D5764F70067613B /* Frameworks */ = {
			isa = PBXFrameworksBuildPhase;
			buildActionMask = 2147483647;
			files = (
			);
			runOnlyForDeploymentPostprocessing = 0;
		};
/* End PBXFrameworksBuildPhase section */

/* Begin PBXGroup section */
		514DB8871D5764F70067613B = {
			isa = PBXGroup;
			children = (
				514DB8921D5764F70067613B /* My Date Picker */,
				514DB8911D5764F70067613B /* Products */,
			);
			sourceTree = "<group>";
		};
		514DB8911D5764F70067613B /* Products */ = {
			isa = PBXGroup;
			children = (
				514DB8901D5764F70067613B /* My Date Picker.app */,
			);
			name = Products;
			sourceTree = "<group>";
		};
		514DB8921D5764F70067613B /* My Date Picker */ = {
			isa = PBXGroup;
			children = (
				514DB8931D5764F70067613B /* AppDelegate.swift */,
				514DB8951D5764F70067613B /* ViewController.swift */,
				514DB8971D5764F70067613B /* Main.storyboard */,
				514DB89A1D5764F70067613B /* Assets.xcassets */,
				514DB89C1D5764F70067613B /* LaunchScreen.storyboard */,
				514DB89F1D5764F70067613B /* Info.plist */,
				514DB8A51D5765A30067613B /* Calendar.swift */,
				514DB8A71D576B620067613B /* DatePickerViewDelegate.swift */,
			);
			path = "My Date Picker";
			sourceTree = "<group>";
		};
/* End PBXGroup section */

/* Begin PBXNativeTarget section */
		514DB88F1D5764F70067613B /* My Date Picker */ = {
			isa = PBXNativeTarget;
			buildConfigurationList = 514DB8A21D5764F70067613B /* Build configuration list for PBXNativeTarget "My Date Picker" */;
			buildPhases = (
				514DB88C1D5764F70067613B /* Sources */,
				514DB88D1D5764F70067613B /* Frameworks */,
				514DB88E1D5764F70067613B /* Resources */,
			);
			buildRules = (
			);
			dependencies = (
			);
			name = "My Date Picker";
			productName = "My Date Picker";
			productReference = 514DB8901D5764F70067613B /* My Date Picker.app */;
			productType = "com.apple.product-type.application";
		};
/* End PBXNativeTarget section */

/* Begin PBXProject section */
		514DB8881D5764F70067613B /* Project object */ = {
			isa = PBXProject;
			attributes = {
				LastSwiftUpdateCheck = 0730;
				LastUpgradeCheck = 0730;
				ORGANIZATIONNAME = "Elad Lavi";
				TargetAttributes = {
					514DB88F1D5764F70067613B = {
						CreatedOnToolsVersion = 7.3.1;
						DevelopmentTeam = 2HUWCUX77Z;
					};
				};
			};
			buildConfigurationList = 514DB88B1D5764F70067613B /* Build configuration list for PBXProject "My Date Picker" */;
			compatibilityVersion = "Xcode 3.2";
			developmentRegion = English;
			hasScannedForEncodings = 0;
			knownRegions = (
				en,
				Base,
			);
			mainGroup = 514DB8871D5764F70067613B;
			productRefGroup = 514DB8911D5764F70067613B /* Products */;
			projectDirPath = "";
			projectRoot = "";
			targets = (
				514DB88F1D5764F70067613B /* My Date Picker */,
			);
		};
/* End PBXProject section */

/* Begin PBXResourcesBuildPhase section */
		514DB88E1D5764F70067613B /* Resources */ = {
			isa = PBXResourcesBuildPhase;
			buildActionMask = 2147483647;
			files = (
				514DB89E1D5764F70067613B /* LaunchScreen.storyboard in Resources */,
				514DB89B1D5764F70067613B /* Assets.xcassets in Resources */,
				514DB8991D5764F70067613B /* Main.storyboard in Resources */,
			);
			runOnlyForDeploymentPostprocessing = 0;
		};
/* End PBXResourcesBuildPhase section */

/* Begin PBXSourcesBuildPhase section */
		514DB88C1D5764F70067613B /* Sources */ = {
			isa = PBXSourcesBuildPhase;
			buildActionMask = 2147483647;
			files = (
				514DB8961D5764F70067613B /* ViewController.swift in Sources */,
				514DB8A81D576B620067613B /* DatePickerViewDelegate.swift in Sources */,
				514DB8A61D5765A30067613B /* Calendar.swift in Sources */,
				514DB8941D5764F70067613B /* AppDelegate.swift in Sources */,
			);
			runOnlyForDeploymentPostprocessing = 0;
		};
/* End PBXSourcesBuildPhase section */

/* Begin PBXVariantGroup section */
		514DB8971D5764F70067613B /* Main.storyboard */ = {
			isa = PBXVariantGroup;
			children = (
				514DB8981D5764F70067613B /* Base */,
			);
			name = Main.storyboard;
			sourceTree = "<group>";
		};
		514DB89C1D5764F70067613B /* LaunchScreen.storyboard */ = {
			isa = PBXVariantGroup;
			children = (
				514DB89D1D5764F70067613B /* Base */,
			);
			name = LaunchScreen.storyboard;
			sourceTree = "<group>";
		};
/* End PBXVariantGroup section */

/* Begin XCBuildConfiguration section */
		514DB8A01D5764F70067613B /* Debug */ = {
			isa = XCBuildConfiguration;
			buildSettings = {
				ALWAYS_SEARCH_USER_PATHS = NO;
				CLANG_ANALYZER_NONNULL = YES;
				CLANG_CXX_LANGUAGE_STANDARD = "gnu++0x";
				CLANG_CXX_LIBRARY = "libc++";
				CLANG_ENABLE_MODULES = YES;
				CLANG_ENABLE_OBJC_ARC = YES;
				CLANG_WARN_BOOL_CONVERSION = YES;
				CLANG_WARN_CONSTANT_CONVERSION = YES;
				CLANG_WARN_DIRECT_OBJC_ISA_USAGE = YES_ERROR;
				CLANG_WARN_EMPTY_BODY = YES;
				CLANG_WARN_ENUM_CONVERSION = YES;
				CLANG_WARN_INT_CONVERSION = YES;
				CLANG_WARN_OBJC_ROOT_CLASS = YES_ERROR;
				CLANG_WARN_UNREACHABLE_CODE = YES;
				CLANG_WARN__DUPLICATE_METHOD_MATCH = YES;
				"CODE_SIGN_IDENTITY[sdk=iphoneos*]" = "iPhone Developer";
				COPY_PHASE_STRIP = NO;
				DEBUG_INFORMATION_FORMAT = dwarf;
				ENABLE_STRICT_OBJC_MSGSEND = YES;
				ENABLE_TESTABILITY = YES;
				GCC_C_LANGUAGE_STANDARD = gnu99;
				GCC_DYNAMIC_NO_PIC = NO;
				GCC_NO_COMMON_BLOCKS = YES;
				GCC_OPTIMIZATION_LEVEL = 0;
				GCC_PREPROCESSOR_DEFINITIONS = (
					"DEBUG=1",
					"$(inherited)",
				);
				GCC_WARN_64_TO_32_BIT_CONVERSION = YES;
				GCC_WARN_ABOUT_RETURN_TYPE = YES_ERROR;
				GCC_WARN_UNDECLARED_SELECTOR = YES;
				GCC_WARN_UNINITIALIZED_AUTOS = YES_AGGRESSIVE;
				GCC_WARN_UNUSED_FUNCTION = YES;
				GCC_WARN_UNUSED_VARIABLE = YES;
				IPHONEOS_DEPLOYMENT_TARGET = 9.3;
				MTL_ENABLE_DEBUG_INFO = YES;
				ONLY_ACTIVE_ARCH = YES;
				SDKROOT = iphoneos;
				SWIFT_OPTIMIZATION_LEVEL = "-Onone";
			};
			name = Debug;
		};
		514DB8A11D5764F70067613B /* Release */ = {
			isa = XCBuildConfiguration;
			buildSettings = {
				ALWAYS_SEARCH_USER_PATHS = NO;
				CLANG_ANALYZER_NONNULL = YES;
				CLANG_CXX_LANGUAGE_STANDARD = "gnu++0x";
				CLANG_CXX_LIBRARY = "libc++";
				CLANG_ENABLE_MODULES = YES;
				CLANG_ENABLE_OBJC_ARC = YES;
				CLANG_WARN_BOOL_CONVERSION = YES;
				CLANG_WARN_CONSTANT_CONVERSION = YES;
				CLANG_WARN_DIRECT_OBJC_ISA_USAGE = YES_ERROR;
				CLANG_WARN_EMPTY_BODY = YES;
				CLANG_WARN_ENUM_CONVERSION = YES;
				CLANG_WARN_INT_CONVERSION = YES;
				CLANG_WARN_OBJC_ROOT_CLASS = YES_ERROR;
				CLANG_WARN_UNREACHABLE_CODE = YES;
				CLANG_WARN__DUPLICATE_METHOD_MATCH = YES;
				"CODE_SIGN_IDENTITY[sdk=iphoneos*]" = "iPhone Developer";
				COPY_PHASE_STRIP = NO;
				DEBUG_INFORMATION_FORMAT = "dwarf-with-dsym";
				ENABLE_NS_ASSERTIONS = NO;
				ENABLE_STRICT_OBJC_MSGSEND = YES;
				GCC_C_LANGUAGE_STANDARD = gnu99;
				GCC_NO_COMMON_BLOCKS = YES;
				GCC_WARN_64_TO_32_BIT_CONVERSION = YES;
				GCC_WARN_ABOUT_RETURN_TYPE = YES_ERROR;
				GCC_WARN_UNDECLARED_SELECTOR = YES;
				GCC_WARN_UNINITIALIZED_AUTOS = YES_AGGRESSIVE;
				GCC_WARN_UNUSED_FUNCTION = YES;
				GCC_WARN_UNUSED_VARIABLE = YES;
				IPHONEOS_DEPLOYMENT_TARGET = 9.3;
				MTL_ENABLE_DEBUG_INFO = NO;
				SDKROOT = iphoneos;
				VALIDATE_PRODUCT = YES;
			};
			name = Release;
		};
		514DB8A31D5764F70067613B /* Debug */ = {
			isa = XCBuildConfiguration;
			buildSettings = {
				ASSETCATALOG_COMPILER_APPICON_NAME = AppIcon;
				INFOPLIST_FILE = "My Date Picker/Info.plist";
				LD_RUNPATH_SEARCH_PATHS = "$(inherited) @executable_path/Frameworks";
				PRODUCT_BUNDLE_IDENTIFIER = "com.example.My-Date-Picker";
				PRODUCT_NAME = "$(TARGET_NAME)";
			};
			name = Debug;
		};
		514DB8A41D5764F70067613B /* Release */ = {
			isa = XCBuildConfiguration;
			buildSettings = {
				ASSETCATALOG_COMPILER_APPICON_NAME = AppIcon;
				INFOPLIST_FILE = "My Date Picker/Info.plist";
				LD_RUNPATH_SEARCH_PATHS = "$(inherited) @executable_path/Frameworks";
				PRODUCT_BUNDLE_IDENTIFIER = "com.example.My-Date-Picker";
				PRODUCT_NAME = "$(TARGET_NAME)";
			};
			name = Release;
		};
/* End XCBuildConfiguration section */

/* Begin XCConfigurationList section */
		514DB88B1D5764F70067613B /* Build configuration list for PBXProject "My Date Picker" */ = {
			isa = XCConfigurationList;
			buildConfigurations = (
				514DB8A01D5764F70067613B /* Debug */,
				514DB8A11D5764F70067613B /* Release */,
			);
			defaultConfigurationIsVisible = 0;
			defaultConfigurationName = Release;
		};
		514DB8A21D5764F70067613B /* Build configuration list for PBXNativeTarget "My Date Picker" */ = {
			isa = XCConfigurationList;
			buildConfigurations = (
				514DB8A31D5764F70067613B /* Debug */,
				514DB8A41D5764F70067613B /* Release */,
			);
			defaultConfigurationIsVisible = 0;
		};
/* End XCConfigurationList section */
	};
	rootObject = 514DB8881D5764F70067613B /* Project object */;
}
