// !$*UTF8*$!
{
	archiveVersion = 1;
	classes = {
	};
	objectVersion = 46;
	objects = {

/* Begin PBXBuildFile section */
		514E873B1D4DCE180067E836 /* main.swift in Sources */ = {isa = PBXBuildFile; fileRef = 514E873A1D4DCE180067E836 /* main.swift */; };
		514E87421D4DCE720067E836 /* Point.swift in Sources */ = {isa = PBXBuildFile; fileRef = 514E87411D4DCE720067E836 /* Point.swift */; };
		514E87441D4DCE8B0067E836 /* City.swift in Sources */ = {isa = PBXBuildFile; fileRef = 514E87431D4DCE8B0067E836 /* City.swift */; };
		514E87461D4DCEA10067E836 /* Country.swift in Sources */ = {isa = PBXBuildFile; fileRef = 514E87451D4DCEA10067E836 /* Country.swift */; };
/* End PBXBuildFile section */

/* Begin PBXCopyFilesBuildPhase section */
		514E87351D4DCE180067E836 /* CopyFiles */ = {
			isa = PBXCopyFilesBuildPhase;
			buildActionMask = 2147483647;
			dstPath = /usr/share/man/man1/;
			dstSubfolderSpec = 0;
			files = (
			);
			runOnlyForDeploymentPostprocessing = 1;
		};
/* End PBXCopyFilesBuildPhase section */

/* Begin PBXFileReference section */
		514E87371D4DCE180067E836 /* Lesson 06 - City Exercise */ = {isa = PBXFileReference; explicitFileType = "compiled.mach-o.executable"; includeInIndex = 0; path = "Lesson 06 - City Exercise"; sourceTree = BUILT_PRODUCTS_DIR; };
		514E873A1D4DCE180067E836 /* main.swift */ = {isa = PBXFileReference; lastKnownFileType = sourcecode.swift; path = main.swift; sourceTree = "<group>"; };
		514E87411D4DCE720067E836 /* Point.swift */ = {isa = PBXFileReference; fileEncoding = 4; lastKnownFileType = sourcecode.swift; path = Point.swift; sourceTree = "<group>"; };
		514E87431D4DCE8B0067E836 /* City.swift */ = {isa = PBXFileReference; fileEncoding = 4; lastKnownFileType = sourcecode.swift; path = City.swift; sourceTree = "<group>"; };
		514E87451D4DCEA10067E836 /* Country.swift */ = {isa = PBXFileReference; fileEncoding = 4; lastKnownFileType = sourcecode.swift; path = Country.swift; sourceTree = "<group>"; };
/* End PBXFileReference section */

/* Begin PBXFrameworksBuildPhase section */
		514E87341D4DCE180067E836 /* Frameworks */ = {
			isa = PBXFrameworksBuildPhase;
			buildActionMask = 2147483647;
			files = (
			);
			runOnlyForDeploymentPostprocessing = 0;
		};
/* End PBXFrameworksBuildPhase section */

/* Begin PBXGroup section */
		514E872E1D4DCE180067E836 = {
			isa = PBXGroup;
			children = (
				514E87391D4DCE180067E836 /* Lesson 06 - City Exercise */,
				514E87381D4DCE180067E836 /* Products */,
			);
			sourceTree = "<group>";
		};
		514E87381D4DCE180067E836 /* Products */ = {
			isa = PBXGroup;
			children = (
				514E87371D4DCE180067E836 /* Lesson 06 - City Exercise */,
			);
			name = Products;
			sourceTree = "<group>";
		};
		514E87391D4DCE180067E836 /* Lesson 06 - City Exercise */ = {
			isa = PBXGroup;
			children = (
				514E873A1D4DCE180067E836 /* main.swift */,
				514E87411D4DCE720067E836 /* Point.swift */,
				514E87431D4DCE8B0067E836 /* City.swift */,
				514E87451D4DCEA10067E836 /* Country.swift */,
			);
			path = "Lesson 06 - City Exercise";
			sourceTree = "<group>";
		};
/* End PBXGroup section */

/* Begin PBXNativeTarget section */
		514E87361D4DCE180067E836 /* Lesson 06 - City Exercise */ = {
			isa = PBXNativeTarget;
			buildConfigurationList = 514E873E1D4DCE180067E836 /* Build configuration list for PBXNativeTarget "Lesson 06 - City Exercise" */;
			buildPhases = (
				514E87331D4DCE180067E836 /* Sources */,
				514E87341D4DCE180067E836 /* Frameworks */,
				514E87351D4DCE180067E836 /* CopyFiles */,
			);
			buildRules = (
			);
			dependencies = (
			);
			name = "Lesson 06 - City Exercise";
			productName = "Lesson 06 - City Exercise";
			productReference = 514E87371D4DCE180067E836 /* Lesson 06 - City Exercise */;
			productType = "com.apple.product-type.tool";
		};
/* End PBXNativeTarget section */

/* Begin PBXProject section */
		514E872F1D4DCE180067E836 /* Project object */ = {
			isa = PBXProject;
			attributes = {
				LastSwiftUpdateCheck = 0730;
				LastUpgradeCheck = 0730;
				ORGANIZATIONNAME = "Elad Lavi";
				TargetAttributes = {
					514E87361D4DCE180067E836 = {
						CreatedOnToolsVersion = 7.3.1;
					};
				};
			};
			buildConfigurationList = 514E87321D4DCE180067E836 /* Build configuration list for PBXProject "Lesson 06 - City Exercise" */;
			compatibilityVersion = "Xcode 3.2";
			developmentRegion = English;
			hasScannedForEncodings = 0;
			knownRegions = (
				en,
			);
			mainGroup = 514E872E1D4DCE180067E836;
			productRefGroup = 514E87381D4DCE180067E836 /* Products */;
			projectDirPath = "";
			projectRoot = "";
			targets = (
				514E87361D4DCE180067E836 /* Lesson 06 - City Exercise */,
			);
		};
/* End PBXProject section */

/* Begin PBXSourcesBuildPhase section */
		514E87331D4DCE180067E836 /* Sources */ = {
			isa = PBXSourcesBuildPhase;
			buildActionMask = 2147483647;
			files = (
				514E87461D4DCEA10067E836 /* Country.swift in Sources */,
				514E87421D4DCE720067E836 /* Point.swift in Sources */,
				514E873B1D4DCE180067E836 /* main.swift in Sources */,
				514E87441D4DCE8B0067E836 /* City.swift in Sources */,
			);
			runOnlyForDeploymentPostprocessing = 0;
		};
/* End PBXSourcesBuildPhase section */

/* Begin XCBuildConfiguration section */
		514E873C1D4DCE180067E836 /* Debug */ = {
			isa = XCBuildConfiguration;
			buildSettings = {
				ALWAYS_SEARCH_USER_PATHS = NO;
				CLANG_ANALYZER_NONNULL = YES;
				CLANG_CXX_LANGUAGE_STANDARD = "gnu++0x";
				CLANG_CXX_LIBRARY = "libc++";
				CLANG_ENABLE_MODULES = YES;
				CLANG_ENABLE_OBJC_ARC = YES;
				CLANG_WARN_BOOL_CONVERSION = YES;
				CLANG_WARN_CONSTANT_CONVERSION = YES;
				CLANG_WARN_DIRECT_OBJC_ISA_USAGE = YES_ERROR;
				CLANG_WARN_EMPTY_BODY = YES;
				CLANG_WARN_ENUM_CONVERSION = YES;
				CLANG_WARN_INT_CONVERSION = YES;
				CLANG_WARN_OBJC_ROOT_CLASS = YES_ERROR;
				CLANG_WARN_UNREACHABLE_CODE = YES;
				CLANG_WARN__DUPLICATE_METHOD_MATCH = YES;
				CODE_SIGN_IDENTITY = "-";
				COPY_PHASE_STRIP = NO;
				DEBUG_INFORMATION_FORMAT = dwarf;
				ENABLE_STRICT_OBJC_MSGSEND = YES;
				ENABLE_TESTABILITY = YES;
				GCC_C_LANGUAGE_STANDARD = gnu99;
				GCC_DYNAMIC_NO_PIC = NO;
				GCC_NO_COMMON_BLOCKS = YES;
				GCC_OPTIMIZATION_LEVEL = 0;
				GCC_PREPROCESSOR_DEFINITIONS = (
					"DEBUG=1",
					"$(inherited)",
				);
				GCC_WARN_64_TO_32_BIT_CONVERSION = YES;
				GCC_WARN_ABOUT_RETURN_TYPE = YES_ERROR;
				GCC_WARN_UNDECLARED_SELECTOR = YES;
				GCC_WARN_UNINITIALIZED_AUTOS = YES_AGGRESSIVE;
				GCC_WARN_UNUSED_FUNCTION = YES;
				GCC_WARN_UNUSED_VARIABLE = YES;
				MACOSX_DEPLOYMENT_TARGET = 10.11;
				MTL_ENABLE_DEBUG_INFO = YES;
				ONLY_ACTIVE_ARCH = YES;
				SDKROOT = macosx;
				SWIFT_OPTIMIZATION_LEVEL = "-Onone";
			};
			name = Debug;
		};
		514E873D1D4DCE180067E836 /* Release */ = {
			isa = XCBuildConfiguration;
			buildSettings = {
				ALWAYS_SEARCH_USER_PATHS = NO;
				CLANG_ANALYZER_NONNULL = YES;
				CLANG_CXX_LANGUAGE_STANDARD = "gnu++0x";
				CLANG_CXX_LIBRARY = "libc++";
				CLANG_ENABLE_MODULES = YES;
				CLANG_ENABLE_OBJC_ARC = YES;
				CLANG_WARN_BOOL_CONVERSION = YES;
				CLANG_WARN_CONSTANT_CONVERSION = YES;
				CLANG_WARN_DIRECT_OBJC_ISA_USAGE = YES_ERROR;
				CLANG_WARN_EMPTY_BODY = YES;
				CLANG_WARN_ENUM_CONVERSION = YES;
				CLANG_WARN_INT_CONVERSION = YES;
				CLANG_WARN_OBJC_ROOT_CLASS = YES_ERROR;
				CLANG_WARN_UNREACHABLE_CODE = YES;
				CLANG_WARN__DUPLICATE_METHOD_MATCH = YES;
				CODE_SIGN_IDENTITY = "-";
				COPY_PHASE_STRIP = NO;
				DEBUG_INFORMATION_FORMAT = "dwarf-with-dsym";
				ENABLE_NS_ASSERTIONS = NO;
				ENABLE_STRICT_OBJC_MSGSEND = YES;
				GCC_C_LANGUAGE_STANDARD = gnu99;
				GCC_NO_COMMON_BLOCKS = YES;
				GCC_WARN_64_TO_32_BIT_CONVERSION = YES;
				GCC_WARN_ABOUT_RETURN_TYPE = YES_ERROR;
				GCC_WARN_UNDECLARED_SELECTOR = YES;
				GCC_WARN_UNINITIALIZED_AUTOS = YES_AGGRESSIVE;
				GCC_WARN_UNUSED_FUNCTION = YES;
				GCC_WARN_UNUSED_VARIABLE = YES;
				MACOSX_DEPLOYMENT_TARGET = 10.11;
				MTL_ENABLE_DEBUG_INFO = NO;
				SDKROOT = macosx;
			};
			name = Release;
		};
		514E873F1D4DCE180067E836 /* Debug */ = {
			isa = XCBuildConfiguration;
			buildSettings = {
				PRODUCT_NAME = "$(TARGET_NAME)";
			};
			name = Debug;
		};
		514E87401D4DCE180067E836 /* Release */ = {
			isa = XCBuildConfiguration;
			buildSettings = {
				PRODUCT_NAME = "$(TARGET_NAME)";
			};
			name = Release;
		};
/* End XCBuildConfiguration section */

/* Begin XCConfigurationList section */
		514E87321D4DCE180067E836 /* Build configuration list for PBXProject "Lesson 06 - City Exercise" */ = {
			isa = XCConfigurationList;
			buildConfigurations = (
				514E873C1D4DCE180067E836 /* Debug */,
				514E873D1D4DCE180067E836 /* Release */,
			);
			defaultConfigurationIsVisible = 0;
			defaultConfigurationName = Release;
		};
		514E873E1D4DCE180067E836 /* Build configuration list for PBXNativeTarget "Lesson 06 - City Exercise" */ = {
			isa = XCConfigurationList;
			buildConfigurations = (
				514E873F1D4DCE180067E836 /* Debug */,
				514E87401D4DCE180067E836 /* Release */,
			);
			defaultConfigurationIsVisible = 0;
		};
/* End XCConfigurationList section */
	};
	rootObject = 514E872F1D4DCE180067E836 /* Project object */;
}
